
Microsoft Visual Studio Solution File, Format Version 12.00
# Visual Studio Version 17
VisualStudioVersion = 17.12.35527.113 d17.12
MinimumVisualStudioVersion = 10.0.40219.1
Project("{FAE04EC0-301F-11D3-BF4B-00C04F79EFBC}") = "Practice", "Practice.csproj", "{5AE8136F-D410-49E0-9AD4-27486759BAA0}"
EndProject
Project("{FAE04EC0-301F-11D3-BF4B-00C04F79EFBC}") = "Exception", "..\Exception\Exception.csproj", "{AF88FF6A-5F6A-4499-BA03-CFAFD992C4CC}"
EndProject
Global
	GlobalSection(SolutionConfigurationPlatforms) = preSolution
		Debug|Any CPU = Debug|Any CPU
		Release|Any CPU = Release|Any CPU
	EndGlobalSection
	GlobalSection(ProjectConfigurationPlatforms) = postSolution
		{5AE8136F-D410-49E0-9AD4-27486759BAA0}.Debug|Any CPU.ActiveCfg = Debug|Any CPU
		{5AE8136F-D410-49E0-9AD4-27486759BAA0}.Debug|Any CPU.Build.0 = Debug|Any CPU
		{5AE8136F-D410-49E0-9AD4-27486759BAA0}.Release|Any CPU.ActiveCfg = Release|Any CPU
		{5AE8136F-D410-49E0-9AD4-27486759BAA0}.Release|Any CPU.Build.0 = Release|Any CPU
		{AF88FF6A-5F6A-4499-BA03-CFAFD992C4CC}.Debug|Any CPU.ActiveCfg = Debug|Any CPU
		{AF88FF6A-5F6A-4499-BA03-CFAFD992C4CC}.Debug|Any CPU.Build.0 = Debug|Any CPU
		{AF88FF6A-5F6A-4499-BA03-CFAFD992C4CC}.Release|Any CPU.ActiveCfg = Release|Any CPU
		{AF88FF6A-5F6A-4499-BA03-CFAFD992C4CC}.Release|Any CPU.Build.0 = Release|Any CPU
	EndGlobalSection
	GlobalSection(SolutionProperties) = preSolution
		HideSolutionNode = FALSE
	EndGlobalSection
EndGlobal
