
Microsoft Visual Studio Solution File, Format Version 12.00
# Visual Studio Version 17
VisualStudioVersion = 17.12.35527.113
MinimumVisualStudioVersion = 10.0.40219.1
Project("{FAE04EC0-301F-11D3-BF4B-00C04F79EFBC}") = "Singleton", "Singleton\Singleton.csproj", "{CEB7935E-B610-4949-8881-BC5A4F2B3EB6}"
EndProject
Project("{FAE04EC0-301F-11D3-BF4B-00C04F79EFBC}") = "FactoryMethod", "FactoryMethod\FactoryMethod.csproj", "{E4DCD65A-D89D-49BB-96BB-ECF3CDD06E6F}"
EndProject
Project("{FAE04EC0-301F-11D3-BF4B-00C04F79EFBC}") = "AbstractFactory", "AbstractFactory\AbstractFactory.csproj", "{B83E1574-DF3C-45A7-93F1-2206DF793C76}"
EndProject
Project("{2150E333-8FDC-42A3-9474-1A3956D46DE8}") = "Creational design pattern", "Creational design pattern", "{468A2D01-2A99-4214-ACAA-1379C17BF123}"
EndProject
Project("{2150E333-8FDC-42A3-9474-1A3956D46DE8}") = "Structural design pattern", "Structural design pattern", "{8D32155A-2E40-4B6D-9211-397C818A5E0E}"
EndProject
Project("{FAE04EC0-301F-11D3-BF4B-00C04F79EFBC}") = "Adapter", "Adapter\Adapter.csproj", "{BD7C3B8B-6584-4D8D-BCFF-00E165DCE6CA}"
EndProject
Global
	GlobalSection(SolutionConfigurationPlatforms) = preSolution
		Debug|Any CPU = Debug|Any CPU
		Release|Any CPU = Release|Any CPU
	EndGlobalSection
	GlobalSection(ProjectConfigurationPlatforms) = postSolution
		{CEB7935E-B610-4949-8881-BC5A4F2B3EB6}.Debug|Any CPU.ActiveCfg = Debug|Any CPU
		{CEB7935E-B610-4949-8881-BC5A4F2B3EB6}.Debug|Any CPU.Build.0 = Debug|Any CPU
		{CEB7935E-B610-4949-8881-BC5A4F2B3EB6}.Release|Any CPU.ActiveCfg = Release|Any CPU
		{CEB7935E-B610-4949-8881-BC5A4F2B3EB6}.Release|Any CPU.Build.0 = Release|Any CPU
		{E4DCD65A-D89D-49BB-96BB-ECF3CDD06E6F}.Debug|Any CPU.ActiveCfg = Debug|Any CPU
		{E4DCD65A-D89D-49BB-96BB-ECF3CDD06E6F}.Debug|Any CPU.Build.0 = Debug|Any CPU
		{E4DCD65A-D89D-49BB-96BB-ECF3CDD06E6F}.Release|Any CPU.ActiveCfg = Release|Any CPU
		{E4DCD65A-D89D-49BB-96BB-ECF3CDD06E6F}.Release|Any CPU.Build.0 = Release|Any CPU
		{B83E1574-DF3C-45A7-93F1-2206DF793C76}.Debug|Any CPU.ActiveCfg = Debug|Any CPU
		{B83E1574-DF3C-45A7-93F1-2206DF793C76}.Debug|Any CPU.Build.0 = Debug|Any CPU
		{B83E1574-DF3C-45A7-93F1-2206DF793C76}.Release|Any CPU.ActiveCfg = Release|Any CPU
		{B83E1574-DF3C-45A7-93F1-2206DF793C76}.Release|Any CPU.Build.0 = Release|Any CPU
		{BD7C3B8B-6584-4D8D-BCFF-00E165DCE6CA}.Debug|Any CPU.ActiveCfg = Debug|Any CPU
		{BD7C3B8B-6584-4D8D-BCFF-00E165DCE6CA}.Debug|Any CPU.Build.0 = Debug|Any CPU
		{BD7C3B8B-6584-4D8D-BCFF-00E165DCE6CA}.Release|Any CPU.ActiveCfg = Release|Any CPU
		{BD7C3B8B-6584-4D8D-BCFF-00E165DCE6CA}.Release|Any CPU.Build.0 = Release|Any CPU
	EndGlobalSection
	GlobalSection(SolutionProperties) = preSolution
		HideSolutionNode = FALSE
	EndGlobalSection
	GlobalSection(NestedProjects) = preSolution
		{CEB7935E-B610-4949-8881-BC5A4F2B3EB6} = {468A2D01-2A99-4214-ACAA-1379C17BF123}
		{E4DCD65A-D89D-49BB-96BB-ECF3CDD06E6F} = {468A2D01-2A99-4214-ACAA-1379C17BF123}
		{B83E1574-DF3C-45A7-93F1-2206DF793C76} = {468A2D01-2A99-4214-ACAA-1379C17BF123}
		{BD7C3B8B-6584-4D8D-BCFF-00E165DCE6CA} = {8D32155A-2E40-4B6D-9211-397C818A5E0E}
	EndGlobalSection
EndGlobal
